
Microsoft Visual Studio Solution File, Format Version 12.00
# Visual Studio 15
VisualStudioVersion = 15.0.28307.1401
MinimumVisualStudioVersion = 10.0.40219.1
Project("{8BC9CEB8-8B4A-11D0-8D11-00A0C91BC942}") = "Chap06", "Chap06\Chap06.vcxproj", "{394C8F2D-1D2B-48C7-8333-0D60EB62D931}"
EndProject
Project("{8BC9CEB8-8B4A-11D0-8D11-00A0C91BC942}") = "std_function_test", "std_function_test\std_function_test.vcxproj", "{B7F2EC87-70D4-47CC-AD17-D8A132DD7462}"
EndProject
Global
	GlobalSection(SolutionConfigurationPlatforms) = preSolution
		Debug|x64 = Debug|x64
		Debug|x86 = Debug|x86
		Release|x64 = Release|x64
		Release|x86 = Release|x86
	EndGlobalSection
	GlobalSection(ProjectConfigurationPlatforms) = postSolution
		{394C8F2D-1D2B-48C7-8333-0D60EB62D931}.Debug|x64.ActiveCfg = Debug|x64
		{394C8F2D-1D2B-48C7-8333-0D60EB62D931}.Debug|x64.Build.0 = Debug|x64
		{394C8F2D-1D2B-48C7-8333-0D60EB62D931}.Debug|x86.ActiveCfg = Debug|Win32
		{394C8F2D-1D2B-48C7-8333-0D60EB62D931}.Debug|x86.Build.0 = Debug|Win32
		{394C8F2D-1D2B-48C7-8333-0D60EB62D931}.Release|x64.ActiveCfg = Release|x64
		{394C8F2D-1D2B-48C7-8333-0D60EB62D931}.Release|x64.Build.0 = Release|x64
		{394C8F2D-1D2B-48C7-8333-0D60EB62D931}.Release|x86.ActiveCfg = Release|Win32
		{394C8F2D-1D2B-48C7-8333-0D60EB62D931}.Release|x86.Build.0 = Release|Win32
		{B7F2EC87-70D4-47CC-AD17-D8A132DD7462}.Debug|x64.ActiveCfg = Debug|x64
		{B7F2EC87-70D4-47CC-AD17-D8A132DD7462}.Debug|x64.Build.0 = Debug|x64
		{B7F2EC87-70D4-47CC-AD17-D8A132DD7462}.Debug|x86.ActiveCfg = Debug|Win32
		{B7F2EC87-70D4-47CC-AD17-D8A132DD7462}.Debug|x86.Build.0 = Debug|Win32
		{B7F2EC87-70D4-47CC-AD17-D8A132DD7462}.Release|x64.ActiveCfg = Release|x64
		{B7F2EC87-70D4-47CC-AD17-D8A132DD7462}.Release|x64.Build.0 = Release|x64
		{B7F2EC87-70D4-47CC-AD17-D8A132DD7462}.Release|x86.ActiveCfg = Release|Win32
		{B7F2EC87-70D4-47CC-AD17-D8A132DD7462}.Release|x86.Build.0 = Release|Win32
	EndGlobalSection
	GlobalSection(SolutionProperties) = preSolution
		HideSolutionNode = FALSE
	EndGlobalSection
	GlobalSection(ExtensibilityGlobals) = postSolution
		SolutionGuid = {88347A98-EBB9-4CA5-9267-BA27BE0216BF}
	EndGlobalSection
EndGlobal
